
Microsoft Visual Studio Solution File, Format Version 12.00
# Visual Studio Version 17
VisualStudioVersion = 17.4.33122.133
MinimumVisualStudioVersion = 10.0.40219.1
Project("{9A19103F-16F7-4668-BE54-9A1E7A4F7556}") = "BookStoreApp.API", "BookStoreApp.API\BookStoreApp.API.csproj", "{2B5600A3-6861-4829-B741-BBD07F978DA5}"
EndProject
Global
	GlobalSection(SolutionConfigurationPlatforms) = preSolution
		Debug|Any CPU = Debug|Any CPU
		Release|Any CPU = Release|Any CPU
	EndGlobalSection
	GlobalSection(ProjectConfigurationPlatforms) = postSolution
		{2B5600A3-6861-4829-B741-BBD07F978DA5}.Debug|Any CPU.ActiveCfg = Debug|Any CPU
		{2B5600A3-6861-4829-B741-BBD07F978DA5}.Debug|Any CPU.Build.0 = Debug|Any CPU
		{2B5600A3-6861-4829-B741-BBD07F978DA5}.Release|Any CPU.ActiveCfg = Release|Any CPU
		{2B5600A3-6861-4829-B741-BBD07F978DA5}.Release|Any CPU.Build.0 = Release|Any CPU
	EndGlobalSection
	GlobalSection(SolutionProperties) = preSolution
		HideSolutionNode = FALSE
	EndGlobalSection
	GlobalSection(ExtensibilityGlobals) = postSolution
		SolutionGuid = {651D6342-6012-41F8-A310-302A4680567D}
	EndGlobalSection
EndGlobal
